
Microsoft Visual Studio Solution File, Format Version 12.00
# Visual Studio 2013
VisualStudioVersion = 12.0.31101.0
MinimumVisualStudioVersion = 10.0.40219.1
Project("{FAE04EC0-301F-11D3-BF4B-00C04F79EFBC}") = "Source", "Source\Source.csproj", "{AAFA1007-91A9-4F8E-BDE2-FA1CCF365D26}"
EndProject
Project("{FAE04EC0-301F-11D3-BF4B-00C04F79EFBC}") = "UnitTests", "UnitTests\UnitTests.csproj", "{A5783249-5DFF-4FC2-9074-EE9D2948A2CC}"
EndProject
Global
	GlobalSection(SolutionConfigurationPlatforms) = preSolution
		Debug|Any CPU = Debug|Any CPU
		Release|Any CPU = Release|Any CPU
	EndGlobalSection
	GlobalSection(ProjectConfigurationPlatforms) = postSolution
		{AAFA1007-91A9-4F8E-BDE2-FA1CCF365D26}.Debug|Any CPU.ActiveCfg = Debug|Any CPU
		{AAFA1007-91A9-4F8E-BDE2-FA1CCF365D26}.Debug|Any CPU.Build.0 = Debug|Any CPU
		{AAFA1007-91A9-4F8E-BDE2-FA1CCF365D26}.Release|Any CPU.ActiveCfg = Release|Any CPU
		{AAFA1007-91A9-4F8E-BDE2-FA1CCF365D26}.Release|Any CPU.Build.0 = Release|Any CPU
		{A5783249-5DFF-4FC2-9074-EE9D2948A2CC}.Debug|Any CPU.ActiveCfg = Debug|Any CPU
		{A5783249-5DFF-4FC2-9074-EE9D2948A2CC}.Debug|Any CPU.Build.0 = Debug|Any CPU
		{A5783249-5DFF-4FC2-9074-EE9D2948A2CC}.Release|Any CPU.ActiveCfg = Release|Any CPU
		{A5783249-5DFF-4FC2-9074-EE9D2948A2CC}.Release|Any CPU.Build.0 = Release|Any CPU
	EndGlobalSection
	GlobalSection(SolutionProperties) = preSolution
		HideSolutionNode = FALSE
	EndGlobalSection
EndGlobal
